// !$*UTF8*$!
{
	archiveVersion = 1;
	classes = {
	};
	objectVersion = 46;
	objects = {

/* Begin PBXBuildFile section */
		7E5CF5B21CF012EF00D8E3E3 /* AppDelegate.swift in Sources */ = {isa = PBXBuildFile; fileRef = 7E5CF5B11CF012EF00D8E3E3 /* AppDelegate.swift */; };
		7E5CF5B41CF012EF00D8E3E3 /* ViewController.swift in Sources */ = {isa = PBXBuildFile; fileRef = 7E5CF5B31CF012EF00D8E3E3 /* ViewController.swift */; };
		7E5CF5B71CF012EF00D8E3E3 /* Main.storyboard in Resources */ = {isa = PBXBuildFile; fileRef = 7E5CF5B51CF012EF00D8E3E3 /* Main.storyboard */; };
		7E5CF5B91CF012EF00D8E3E3 /* Assets.xcassets in Resources */ = {isa = PBXBuildFile; fileRef = 7E5CF5B81CF012EF00D8E3E3 /* Assets.xcassets */; };
		7E5CF5BC1CF012EF00D8E3E3 /* LaunchScreen.storyboard in Resources */ = {isa = PBXBuildFile; fileRef = 7E5CF5BA1CF012EF00D8E3E3 /* LaunchScreen.storyboard */; };
		7E5CF5C41CF0211D00D8E3E3 /* RvD_CODE28.ttf in Resources */ = {isa = PBXBuildFile; fileRef = 7E5CF5C31CF020E600D8E3E3 /* RvD_CODE28.ttf */; };
		7E5CF5C61CF1692200D8E3E3 /* jingles_NES01.wav in Resources */ = {isa = PBXBuildFile; fileRef = 7E5CF5C51CF1692200D8E3E3 /* jingles_NES01.wav */; };
/* End PBXBuildFile section */

/* Begin PBXFileReference section */
		7E5CF5AE1CF012EF00D8E3E3 /* Retro-Calculator.app */ = {isa = PBXFileReference; explicitFileType = wrapper.application; includeInIndex = 0; path = "Retro-Calculator.app"; sourceTree = BUILT_PRODUCTS_DIR; };
		7E5CF5B11CF012EF00D8E3E3 /* AppDelegate.swift */ = {isa = PBXFileReference; lastKnownFileType = sourcecode.swift; path = AppDelegate.swift; sourceTree = "<group>"; };
		7E5CF5B31CF012EF00D8E3E3 /* ViewController.swift */ = {isa = PBXFileReference; lastKnownFileType = sourcecode.swift; path = ViewController.swift; sourceTree = "<group>"; };
		7E5CF5B61CF012EF00D8E3E3 /* Base */ = {isa = PBXFileReference; lastKnownFileType = file.storyboard; name = Base; path = Base.lproj/Main.storyboard; sourceTree = "<group>"; };
		7E5CF5B81CF012EF00D8E3E3 /* Assets.xcassets */ = {isa = PBXFileReference; lastKnownFileType = folder.assetcatalog; path = Assets.xcassets; sourceTree = "<group>"; };
		7E5CF5BB1CF012EF00D8E3E3 /* Base */ = {isa = PBXFileReference; lastKnownFileType = file.storyboard; name = Base; path = Base.lproj/LaunchScreen.storyboard; sourceTree = "<group>"; };
		7E5CF5BD1CF012EF00D8E3E3 /* Info.plist */ = {isa = PBXFileReference; lastKnownFileType = text.plist.xml; path = Info.plist; sourceTree = "<group>"; };
		7E5CF5C31CF020E600D8E3E3 /* RvD_CODE28.ttf */ = {isa = PBXFileReference; lastKnownFileType = file; name = RvD_CODE28.ttf; path = ../RvD_CODE28.ttf; sourceTree = "<group>"; };
		7E5CF5C51CF1692200D8E3E3 /* jingles_NES01.wav */ = {isa = PBXFileReference; lastKnownFileType = audio.wav; path = jingles_NES01.wav; sourceTree = "<group>"; };
/* End PBXFileReference section */

/* Begin PBXFrameworksBuildPhase section */
		7E5CF5AB1CF012EF00D8E3E3 /* Frameworks */ = {
			isa = PBXFrameworksBuildPhase;
			buildActionMask = 2147483647;
			files = (
			);
			runOnlyForDeploymentPostprocessing = 0;
		};
/* End PBXFrameworksBuildPhase section */

/* Begin PBXGroup section */
		7E5CF5A51CF012EF00D8E3E3 = {
			isa = PBXGroup;
			children = (
				7E5CF5B01CF012EF00D8E3E3 /* Retro-Calculator */,
				7E5CF5AF1CF012EF00D8E3E3 /* Products */,
			);
			sourceTree = "<group>";
		};
		7E5CF5AF1CF012EF00D8E3E3 /* Products */ = {
			isa = PBXGroup;
			children = (
				7E5CF5AE1CF012EF00D8E3E3 /* Retro-Calculator.app */,
			);
			name = Products;
			sourceTree = "<group>";
		};
		7E5CF5B01CF012EF00D8E3E3 /* Retro-Calculator */ = {
			isa = PBXGroup;
			children = (
				7E5CF5C51CF1692200D8E3E3 /* jingles_NES01.wav */,
				7E5CF5C31CF020E600D8E3E3 /* RvD_CODE28.ttf */,
				7E5CF5B11CF012EF00D8E3E3 /* AppDelegate.swift */,
				7E5CF5B31CF012EF00D8E3E3 /* ViewController.swift */,
				7E5CF5B51CF012EF00D8E3E3 /* Main.storyboard */,
				7E5CF5B81CF012EF00D8E3E3 /* Assets.xcassets */,
				7E5CF5BA1CF012EF00D8E3E3 /* LaunchScreen.storyboard */,
				7E5CF5BD1CF012EF00D8E3E3 /* Info.plist */,
			);
			path = "Retro-Calculator";
			sourceTree = "<group>";
		};
/* End PBXGroup section */

/* Begin PBXNativeTarget section */
		7E5CF5AD1CF012EF00D8E3E3 /* Retro-Calculator */ = {
			isa = PBXNativeTarget;
			buildConfigurationList = 7E5CF5C01CF012EF00D8E3E3 /* Build configuration list for PBXNativeTarget "Retro-Calculator" */;
			buildPhases = (
				7E5CF5AA1CF012EF00D8E3E3 /* Sources */,
				7E5CF5AB1CF012EF00D8E3E3 /* Frameworks */,
				7E5CF5AC1CF012EF00D8E3E3 /* Resources */,
			);
			buildRules = (
			);
			dependencies = (
			);
			name = "Retro-Calculator";
			productName = "Retro-Calculator";
			productReference = 7E5CF5AE1CF012EF00D8E3E3 /* Retro-Calculator.app */;
			productType = "com.apple.product-type.application";
		};
/* End PBXNativeTarget section */

/* Begin PBXProject section */
		7E5CF5A61CF012EF00D8E3E3 /* Project object */ = {
			isa = PBXProject;
			attributes = {
				LastSwiftUpdateCheck = 0730;
				LastUpgradeCheck = 0730;
				ORGANIZATIONNAME = TwoFiveDev;
				TargetAttributes = {
					7E5CF5AD1CF012EF00D8E3E3 = {
						CreatedOnToolsVersion = 7.3.1;
						DevelopmentTeam = RY8CLVLV33;
					};
				};
			};
			buildConfigurationList = 7E5CF5A91CF012EF00D8E3E3 /* Build configuration list for PBXProject "Retro-Calculator" */;
			compatibilityVersion = "Xcode 3.2";
			developmentRegion = English;
			hasScannedForEncodings = 0;
			knownRegions = (
				en,
				Base,
			);
			mainGroup = 7E5CF5A51CF012EF00D8E3E3;
			productRefGroup = 7E5CF5AF1CF012EF00D8E3E3 /* Products */;
			projectDirPath = "";
			projectRoot = "";
			targets = (
				7E5CF5AD1CF012EF00D8E3E3 /* Retro-Calculator */,
			);
		};
/* End PBXProject section */

/* Begin PBXResourcesBuildPhase section */
		7E5CF5AC1CF012EF00D8E3E3 /* Resources */ = {
			isa = PBXResourcesBuildPhase;
			buildActionMask = 2147483647;
			files = (
				7E5CF5BC1CF012EF00D8E3E3 /* LaunchScreen.storyboard in Resources */,
				7E5CF5C61CF1692200D8E3E3 /* jingles_NES01.wav in Resources */,
				7E5CF5B91CF012EF00D8E3E3 /* Assets.xcassets in Resources */,
				7E5CF5C41CF0211D00D8E3E3 /* RvD_CODE28.ttf in Resources */,
				7E5CF5B71CF012EF00D8E3E3 /* Main.storyboard in Resources */,
			);
			runOnlyForDeploymentPostprocessing = 0;
		};
/* End PBXResourcesBuildPhase section */

/* Begin PBXSourcesBuildPhase section */
		7E5CF5AA1CF012EF00D8E3E3 /* Sources */ = {
			isa = PBXSourcesBuildPhase;
			buildActionMask = 2147483647;
			files = (
				7E5CF5B41CF012EF00D8E3E3 /* ViewController.swift in Sources */,
				7E5CF5B21CF012EF00D8E3E3 /* AppDelegate.swift in Sources */,
			);
			runOnlyForDeploymentPostprocessing = 0;
		};
/* End PBXSourcesBuildPhase section */

/* Begin PBXVariantGroup section */
		7E5CF5B51CF012EF00D8E3E3 /* Main.storyboard */ = {
			isa = PBXVariantGroup;
			children = (
				7E5CF5B61CF012EF00D8E3E3 /* Base */,
			);
			name = Main.storyboard;
			sourceTree = "<group>";
		};
		7E5CF5BA1CF012EF00D8E3E3 /* LaunchScreen.storyboard */ = {
			isa = PBXVariantGroup;
			children = (
				7E5CF5BB1CF012EF00D8E3E3 /* Base */,
			);
			name = LaunchScreen.storyboard;
			sourceTree = "<group>";
		};
/* End PBXVariantGroup section */

/* Begin XCBuildConfiguration section */
		7E5CF5BE1CF012EF00D8E3E3 /* Debug */ = {
			isa = XCBuildConfiguration;
			buildSettings = {
				ALWAYS_SEARCH_USER_PATHS = NO;
				CLANG_ANALYZER_NONNULL = YES;
				CLANG_CXX_LANGUAGE_STANDARD = "gnu++0x";
				CLANG_CXX_LIBRARY = "libc++";
				CLANG_ENABLE_MODULES = YES;
				CLANG_ENABLE_OBJC_ARC = YES;
				CLANG_WARN_BOOL_CONVERSION = YES;
				CLANG_WARN_CONSTANT_CONVERSION = YES;
				CLANG_WARN_DIRECT_OBJC_ISA_USAGE = YES_ERROR;
				CLANG_WARN_EMPTY_BODY = YES;
				CLANG_WARN_ENUM_CONVERSION = YES;
				CLANG_WARN_INT_CONVERSION = YES;
				CLANG_WARN_OBJC_ROOT_CLASS = YES_ERROR;
				CLANG_WARN_UNREACHABLE_CODE = YES;
				CLANG_WARN__DUPLICATE_METHOD_MATCH = YES;
				"CODE_SIGN_IDENTITY[sdk=iphoneos*]" = "iPhone Developer";
				COPY_PHASE_STRIP = NO;
				DEBUG_INFORMATION_FORMAT = dwarf;
				ENABLE_STRICT_OBJC_MSGSEND = YES;
				ENABLE_TESTABILITY = YES;
				GCC_C_LANGUAGE_STANDARD = gnu99;
				GCC_DYNAMIC_NO_PIC = NO;
				GCC_NO_COMMON_BLOCKS = YES;
				GCC_OPTIMIZATION_LEVEL = 0;
				GCC_PREPROCESSOR_DEFINITIONS = (
					"DEBUG=1",
					"$(inherited)",
				);
				GCC_WARN_64_TO_32_BIT_CONVERSION = YES;
				GCC_WARN_ABOUT_RETURN_TYPE = YES_ERROR;
				GCC_WARN_UNDECLARED_SELECTOR = YES;
				GCC_WARN_UNINITIALIZED_AUTOS = YES_AGGRESSIVE;
				GCC_WARN_UNUSED_FUNCTION = YES;
				GCC_WARN_UNUSED_VARIABLE = YES;
				IPHONEOS_DEPLOYMENT_TARGET = 9.3;
				MTL_ENABLE_DEBUG_INFO = YES;
				ONLY_ACTIVE_ARCH = YES;
				SDKROOT = iphoneos;
				SWIFT_OPTIMIZATION_LEVEL = "-Onone";
			};
			name = Debug;
		};
		7E5CF5BF1CF012EF00D8E3E3 /* Release */ = {
			isa = XCBuildConfiguration;
			buildSettings = {
				ALWAYS_SEARCH_USER_PATHS = NO;
				CLANG_ANALYZER_NONNULL = YES;
				CLANG_CXX_LANGUAGE_STANDARD = "gnu++0x";
				CLANG_CXX_LIBRARY = "libc++";
				CLANG_ENABLE_MODULES = YES;
				CLANG_ENABLE_OBJC_ARC = YES;
				CLANG_WARN_BOOL_CONVERSION = YES;
				CLANG_WARN_CONSTANT_CONVERSION = YES;
				CLANG_WARN_DIRECT_OBJC_ISA_USAGE = YES_ERROR;
				CLANG_WARN_EMPTY_BODY = YES;
				CLANG_WARN_ENUM_CONVERSION = YES;
				CLANG_WARN_INT_CONVERSION = YES;
				CLANG_WARN_OBJC_ROOT_CLASS = YES_ERROR;
				CLANG_WARN_UNREACHABLE_CODE = YES;
				CLANG_WARN__DUPLICATE_METHOD_MATCH = YES;
				"CODE_SIGN_IDENTITY[sdk=iphoneos*]" = "iPhone Developer";
				COPY_PHASE_STRIP = NO;
				DEBUG_INFORMATION_FORMAT = "dwarf-with-dsym";
				ENABLE_NS_ASSERTIONS = NO;
				ENABLE_STRICT_OBJC_MSGSEND = YES;
				GCC_C_LANGUAGE_STANDARD = gnu99;
				GCC_NO_COMMON_BLOCKS = YES;
				GCC_WARN_64_TO_32_BIT_CONVERSION = YES;
				GCC_WARN_ABOUT_RETURN_TYPE = YES_ERROR;
				GCC_WARN_UNDECLARED_SELECTOR = YES;
				GCC_WARN_UNINITIALIZED_AUTOS = YES_AGGRESSIVE;
				GCC_WARN_UNUSED_FUNCTION = YES;
				GCC_WARN_UNUSED_VARIABLE = YES;
				IPHONEOS_DEPLOYMENT_TARGET = 9.3;
				MTL_ENABLE_DEBUG_INFO = NO;
				SDKROOT = iphoneos;
				VALIDATE_PRODUCT = YES;
			};
			name = Release;
		};
		7E5CF5C11CF012EF00D8E3E3 /* Debug */ = {
			isa = XCBuildConfiguration;
			buildSettings = {
				ASSETCATALOG_COMPILER_APPICON_NAME = AppIcon;
				CODE_SIGN_IDENTITY = "iPhone Developer";
				"CODE_SIGN_IDENTITY[sdk=iphoneos*]" = "iPhone Developer";
				INFOPLIST_FILE = "Retro-Calculator/Info.plist";
				LD_RUNPATH_SEARCH_PATHS = "$(inherited) @executable_path/Frameworks";
				PRODUCT_BUNDLE_IDENTIFIER = "com.twofivecoders.Retro-Calculator";
				PRODUCT_NAME = "$(TARGET_NAME)";
				PROVISIONING_PROFILE = "";
			};
			name = Debug;
		};
		7E5CF5C21CF012EF00D8E3E3 /* Release */ = {
			isa = XCBuildConfiguration;
			buildSettings = {
				ASSETCATALOG_COMPILER_APPICON_NAME = AppIcon;
				CODE_SIGN_IDENTITY = "iPhone Developer";
				"CODE_SIGN_IDENTITY[sdk=iphoneos*]" = "iPhone Developer";
				INFOPLIST_FILE = "Retro-Calculator/Info.plist";
				LD_RUNPATH_SEARCH_PATHS = "$(inherited) @executable_path/Frameworks";
				PRODUCT_BUNDLE_IDENTIFIER = "com.twofivecoders.Retro-Calculator";
				PRODUCT_NAME = "$(TARGET_NAME)";
				PROVISIONING_PROFILE = "";
			};
			name = Release;
		};
/* End XCBuildConfiguration section */

/* Begin XCConfigurationList section */
		7E5CF5A91CF012EF00D8E3E3 /* Build configuration list for PBXProject "Retro-Calculator" */ = {
			isa = XCConfigurationList;
			buildConfigurations = (
				7E5CF5BE1CF012EF00D8E3E3 /* Debug */,
				7E5CF5BF1CF012EF00D8E3E3 /* Release */,
			);
			defaultConfigurationIsVisible = 0;
			defaultConfigurationName = Release;
		};
		7E5CF5C01CF012EF00D8E3E3 /* Build configuration list for PBXNativeTarget "Retro-Calculator" */ = {
			isa = XCConfigurationList;
			buildConfigurations = (
				7E5CF5C11CF012EF00D8E3E3 /* Debug */,
				7E5CF5C21CF012EF00D8E3E3 /* Release */,
			);
			defaultConfigurationIsVisible = 0;
		};
/* End XCConfigurationList section */
	};
	rootObject = 7E5CF5A61CF012EF00D8E3E3 /* Project object */;
}
